
Microsoft Visual Studio Solution File, Format Version 12.00
# Visual Studio 15
VisualStudioVersion = 15.0.27703.2026
MinimumVisualStudioVersion = 10.0.40219.1
Project("{FAE04EC0-301F-11D3-BF4B-00C04F79EFBC}") = "DouYinCaptuer", "DouYinCaptuer\DouYinCaptuer.csproj", "{E870F7E7-70F2-4567-AD1C-CCE4AC02F239}"
EndProject
Global
	GlobalSection(SolutionConfigurationPlatforms) = preSolution
		Debug|Any CPU = Debug|Any CPU
		Release|Any CPU = Release|Any CPU
	EndGlobalSection
	GlobalSection(ProjectConfigurationPlatforms) = postSolution
		{E870F7E7-70F2-4567-AD1C-CCE4AC02F239}.Debug|Any CPU.ActiveCfg = Debug|Any CPU
		{E870F7E7-70F2-4567-AD1C-CCE4AC02F239}.Debug|Any CPU.Build.0 = Debug|Any CPU
		{E870F7E7-70F2-4567-AD1C-CCE4AC02F239}.Release|Any CPU.ActiveCfg = Release|Any CPU
		{E870F7E7-70F2-4567-AD1C-CCE4AC02F239}.Release|Any CPU.Build.0 = Release|Any CPU
	EndGlobalSection
	GlobalSection(SolutionProperties) = preSolution
		HideSolutionNode = FALSE
	EndGlobalSection
	GlobalSection(ExtensibilityGlobals) = postSolution
		SolutionGuid = {CE082271-D1AF-40F2-B748-F99A437E9642}
	EndGlobalSection
EndGlobal
